
Microsoft Visual Studio Solution File, Format Version 12.00
# Visual Studio 15
VisualStudioVersion = 15.0.27130.2026
MinimumVisualStudioVersion = 10.0.40219.1
Project("{FAE04EC0-301F-11D3-BF4B-00C04F79EFBC}") = "Bot", "Bot\Bot.csproj", "{ABBA3CDC-B948-4D4A-A6B6-92D61CC393C3}"
EndProject
Global
	GlobalSection(SolutionConfigurationPlatforms) = preSolution
		Debug|Any CPU = Debug|Any CPU
		Release|Any CPU = Release|Any CPU
	EndGlobalSection
	GlobalSection(ProjectConfigurationPlatforms) = postSolution
		{ABBA3CDC-B948-4D4A-A6B6-92D61CC393C3}.Debug|Any CPU.ActiveCfg = Debug|Any CPU
		{ABBA3CDC-B948-4D4A-A6B6-92D61CC393C3}.Debug|Any CPU.Build.0 = Debug|Any CPU
		{ABBA3CDC-B948-4D4A-A6B6-92D61CC393C3}.Release|Any CPU.ActiveCfg = Release|Any CPU
		{ABBA3CDC-B948-4D4A-A6B6-92D61CC393C3}.Release|Any CPU.Build.0 = Release|Any CPU
	EndGlobalSection
	GlobalSection(SolutionProperties) = preSolution
		HideSolutionNode = FALSE
	EndGlobalSection
	GlobalSection(ExtensibilityGlobals) = postSolution
		SolutionGuid = {48187011-0BD6-437E-9BE7-01F1EB3A9ED8}
	EndGlobalSection
EndGlobal
